
Microsoft Visual Studio Solution File, Format Version 12.00
# Visual Studio Version 16
VisualStudioVersion = 16.0.30523.141
MinimumVisualStudioVersion = 10.0.40219.1
Project("{FAE04EC0-301F-11D3-BF4B-00C04F79EFBC}") = "MyShop.Core", "MyShop.Core\MyShop.Core.csproj", "{08D07F93-3293-4ECA-8A93-7791985613AB}"
EndProject
Project("{FAE04EC0-301F-11D3-BF4B-00C04F79EFBC}") = "MyShop.Services", "MyShop.Services\MyShop.Services.csproj", "{B1B8D0B8-ED6E-467A-88B1-BA5A470CE76E}"
EndProject
Project("{FAE04EC0-301F-11D3-BF4B-00C04F79EFBC}") = "MyShop.DataAccess.SQL", "MyShop.DataAccess.SQL\MyShop.DataAccess.SQL.csproj", "{46A5D674-313F-4667-A4F1-E4B3AAA8D13C}"
EndProject
Project("{FAE04EC0-301F-11D3-BF4B-00C04F79EFBC}") = "MyShop.DataAccess.InMemory", "MyShop.DataAccess.InMemory\MyShop.DataAccess.InMemory.csproj", "{87FC0905-DAD4-416B-880B-94148878EB76}"
EndProject
Project("{FAE04EC0-301F-11D3-BF4B-00C04F79EFBC}") = "MyShop.WebUI", "MyShop.WebUI\MyShop.WebUI.csproj", "{31A06B75-4B45-4588-80B2-B96D0A062D5B}"
EndProject
Project("{FAE04EC0-301F-11D3-BF4B-00C04F79EFBC}") = "MyShop.WebUI.Tests", "MyShop.WebUI.Tests\MyShop.WebUI.Tests.csproj", "{4FB96A65-4733-4103-8DB2-1DB0084FC81A}"
EndProject
Global
	GlobalSection(SolutionConfigurationPlatforms) = preSolution
		Debug|Any CPU = Debug|Any CPU
		Release|Any CPU = Release|Any CPU
	EndGlobalSection
	GlobalSection(ProjectConfigurationPlatforms) = postSolution
		{08D07F93-3293-4ECA-8A93-7791985613AB}.Debug|Any CPU.ActiveCfg = Debug|Any CPU
		{08D07F93-3293-4ECA-8A93-7791985613AB}.Debug|Any CPU.Build.0 = Debug|Any CPU
		{08D07F93-3293-4ECA-8A93-7791985613AB}.Release|Any CPU.ActiveCfg = Release|Any CPU
		{08D07F93-3293-4ECA-8A93-7791985613AB}.Release|Any CPU.Build.0 = Release|Any CPU
		{B1B8D0B8-ED6E-467A-88B1-BA5A470CE76E}.Debug|Any CPU.ActiveCfg = Debug|Any CPU
		{B1B8D0B8-ED6E-467A-88B1-BA5A470CE76E}.Debug|Any CPU.Build.0 = Debug|Any CPU
		{B1B8D0B8-ED6E-467A-88B1-BA5A470CE76E}.Release|Any CPU.ActiveCfg = Release|Any CPU
		{B1B8D0B8-ED6E-467A-88B1-BA5A470CE76E}.Release|Any CPU.Build.0 = Release|Any CPU
		{46A5D674-313F-4667-A4F1-E4B3AAA8D13C}.Debug|Any CPU.ActiveCfg = Debug|Any CPU
		{46A5D674-313F-4667-A4F1-E4B3AAA8D13C}.Debug|Any CPU.Build.0 = Debug|Any CPU
		{46A5D674-313F-4667-A4F1-E4B3AAA8D13C}.Release|Any CPU.ActiveCfg = Release|Any CPU
		{46A5D674-313F-4667-A4F1-E4B3AAA8D13C}.Release|Any CPU.Build.0 = Release|Any CPU
		{87FC0905-DAD4-416B-880B-94148878EB76}.Debug|Any CPU.ActiveCfg = Debug|Any CPU
		{87FC0905-DAD4-416B-880B-94148878EB76}.Debug|Any CPU.Build.0 = Debug|Any CPU
		{87FC0905-DAD4-416B-880B-94148878EB76}.Release|Any CPU.ActiveCfg = Release|Any CPU
		{87FC0905-DAD4-416B-880B-94148878EB76}.Release|Any CPU.Build.0 = Release|Any CPU
		{31A06B75-4B45-4588-80B2-B96D0A062D5B}.Debug|Any CPU.ActiveCfg = Debug|Any CPU
		{31A06B75-4B45-4588-80B2-B96D0A062D5B}.Debug|Any CPU.Build.0 = Debug|Any CPU
		{31A06B75-4B45-4588-80B2-B96D0A062D5B}.Release|Any CPU.ActiveCfg = Release|Any CPU
		{31A06B75-4B45-4588-80B2-B96D0A062D5B}.Release|Any CPU.Build.0 = Release|Any CPU
		{4FB96A65-4733-4103-8DB2-1DB0084FC81A}.Debug|Any CPU.ActiveCfg = Debug|Any CPU
		{4FB96A65-4733-4103-8DB2-1DB0084FC81A}.Debug|Any CPU.Build.0 = Debug|Any CPU
		{4FB96A65-4733-4103-8DB2-1DB0084FC81A}.Release|Any CPU.ActiveCfg = Release|Any CPU
		{4FB96A65-4733-4103-8DB2-1DB0084FC81A}.Release|Any CPU.Build.0 = Release|Any CPU
	EndGlobalSection
	GlobalSection(SolutionProperties) = preSolution
		HideSolutionNode = FALSE
	EndGlobalSection
	GlobalSection(ExtensibilityGlobals) = postSolution
		SolutionGuid = {0416C72E-C48D-491A-A10E-E8DDF7CC04B1}
	EndGlobalSection
EndGlobal
